
Microsoft Visual Studio Solution File, Format Version 12.00
# Visual Studio Version 16
VisualStudioVersion = 16.0.29920.165
MinimumVisualStudioVersion = 10.0.40219.1
Project("{FAE04EC0-301F-11D3-BF4B-00C04F79EFBC}") = "lab_sec", "lab_sec\lab_sec.csproj", "{1DE44930-CFA0-4E90-A6DE-58877122229F}"
EndProject
Global
	GlobalSection(SolutionConfigurationPlatforms) = preSolution
		Debug|Any CPU = Debug|Any CPU
		Release|Any CPU = Release|Any CPU
	EndGlobalSection
	GlobalSection(ProjectConfigurationPlatforms) = postSolution
		{1DE44930-CFA0-4E90-A6DE-58877122229F}.Debug|Any CPU.ActiveCfg = Debug|Any CPU
		{1DE44930-CFA0-4E90-A6DE-58877122229F}.Debug|Any CPU.Build.0 = Debug|Any CPU
		{1DE44930-CFA0-4E90-A6DE-58877122229F}.Release|Any CPU.ActiveCfg = Release|Any CPU
		{1DE44930-CFA0-4E90-A6DE-58877122229F}.Release|Any CPU.Build.0 = Release|Any CPU
	EndGlobalSection
	GlobalSection(SolutionProperties) = preSolution
		HideSolutionNode = FALSE
	EndGlobalSection
	GlobalSection(ExtensibilityGlobals) = postSolution
		SolutionGuid = {1C7B2095-14D8-4EEC-B1D7-D38451A1EAE5}
	EndGlobalSection
EndGlobal
